
Microsoft Visual Studio Solution File, Format Version 12.00
# Visual Studio Version 17
VisualStudioVersion = 17.0.31912.275
MinimumVisualStudioVersion = 10.0.40219.1
Project("{FAE04EC0-301F-11D3-BF4B-00C04F79EFBC}") = "AppJoaoConsole", "AppJoaoConsole\AppJoaoConsole.csproj", "{05656AB0-AE71-4694-8EEC-147582817956}"
EndProject
Global
	GlobalSection(SolutionConfigurationPlatforms) = preSolution
		Debug|Any CPU = Debug|Any CPU
		Release|Any CPU = Release|Any CPU
	EndGlobalSection
	GlobalSection(ProjectConfigurationPlatforms) = postSolution
		{05656AB0-AE71-4694-8EEC-147582817956}.Debug|Any CPU.ActiveCfg = Debug|Any CPU
		{05656AB0-AE71-4694-8EEC-147582817956}.Debug|Any CPU.Build.0 = Debug|Any CPU
		{05656AB0-AE71-4694-8EEC-147582817956}.Release|Any CPU.ActiveCfg = Release|Any CPU
		{05656AB0-AE71-4694-8EEC-147582817956}.Release|Any CPU.Build.0 = Release|Any CPU
	EndGlobalSection
	GlobalSection(SolutionProperties) = preSolution
		HideSolutionNode = FALSE
	EndGlobalSection
	GlobalSection(ExtensibilityGlobals) = postSolution
		SolutionGuid = {0E16BC21-9A8B-4140-B8AB-33DA22FD9CF6}
	EndGlobalSection
EndGlobal
